
Microsoft Visual Studio Solution File, Format Version 12.00
# Visual Studio Version 16
VisualStudioVersion = 16.0.31911.196
MinimumVisualStudioVersion = 10.0.40219.1
Project("{FAE04EC0-301F-11D3-BF4B-00C04F79EFBC}") = "ProC7", "ProC7.csproj", "{191B58E7-5A84-43D5-9691-FCA80DE72258}"
EndProject
Global
	GlobalSection(SolutionConfigurationPlatforms) = preSolution
		Debug|Any CPU = Debug|Any CPU
		Release|Any CPU = Release|Any CPU
	EndGlobalSection
	GlobalSection(ProjectConfigurationPlatforms) = postSolution
		{191B58E7-5A84-43D5-9691-FCA80DE72258}.Debug|Any CPU.ActiveCfg = Debug|Any CPU
		{191B58E7-5A84-43D5-9691-FCA80DE72258}.Debug|Any CPU.Build.0 = Debug|Any CPU
		{191B58E7-5A84-43D5-9691-FCA80DE72258}.Release|Any CPU.ActiveCfg = Release|Any CPU
		{191B58E7-5A84-43D5-9691-FCA80DE72258}.Release|Any CPU.Build.0 = Release|Any CPU
	EndGlobalSection
	GlobalSection(SolutionProperties) = preSolution
		HideSolutionNode = FALSE
	EndGlobalSection
	GlobalSection(ExtensibilityGlobals) = postSolution
		SolutionGuid = {98192E21-425E-4A80-9854-CF6B4D23A212}
	EndGlobalSection
EndGlobal
